<?xml version="1.0" encoding="utf-8"?>
<Project ToolsVersion="4.0" xmlns="http://schemas.microsoft.com/developer/msbuild/2003">
  <ItemGroup>
    <Filter Include="Source Files">
      <UniqueIdentifier>{4FC737F1-C7A5-4376-A066-2A32D752A2FF}</UniqueIdentifier>
      <Extensions>cpp;c;cc;cxx;def;odl;idl;hpj;bat;asm;asmx</Extensions>
    </Filter>
    <Filter Include="Header Files">
      <UniqueIdentifier>{93995380-89BD-4b04-88EB-625FBE52EBFB}</UniqueIdentifier>
      <Extensions>h;hpp;hxx;hm;inl;inc;xsd</Extensions>
    </Filter>
    <Filter Include="Resource Files">
      <UniqueIdentifier>{67DA6AB6-F800-4c08-8B7A-83BB121AAD01}</UniqueIdentifier>
      <Extensions>rc;ico;cur;bmp;dlg;rc2;rct;bin;rgs;gif;jpg;jpeg;jpe;resx;tiff;tif;png;wav;mfcribbon-ms</Extensions>
    </Filter>
  </ItemGroup>
  <ItemGroup>
    <ClCompile Include="main.cpp">
      <Filter>Source Files</Filter>
    </ClCompile>
    <ClCompile Include="sys\events\EventMsg.cpp">
      <Filter>Source Files</Filter>
    </ClCompile>
    <ClCompile Include="sys\gfx\window\WindowWin32.cpp">
      <Filter>Source Files</Filter>
    </ClCompile>
    <ClCompile Include="sys\io\Path.cpp">
      <Filter>Source Files</Filter>
    </ClCompile>
    <ClCompile Include="sys\physics\Fixture.cpp">
      <Filter>Source Files</Filter>
    </ClCompile>
    <ClCompile Include="sys\Color.cpp">
      <Filter>Source Files</Filter>
    </ClCompile>
    <ClCompile Include="sys\Component.cpp">
      <Filter>Source Files</Filter>
    </ClCompile>
    <ClCompile Include="sys\Engine.cpp">
      <Filter>Source Files</Filter>
    </ClCompile>
    <ClCompile Include="sys\Gradient.cpp">
      <Filter>Source Files</Filter>
    </ClCompile>
    <ClCompile Include="sys\HiresTimer.cpp">
      <Filter>Source Files</Filter>
    </ClCompile>
    <ClCompile Include="sys\Math.cpp">
      <Filter>Source Files</Filter>
    </ClCompile>
    <ClCompile Include="sys\State.cpp">
      <Filter>Source Files</Filter>
    </ClCompile>
    <ClCompile Include="sys\Stopwatch.cpp">
      <Filter>Source Files</Filter>
    </ClCompile>
    <ClCompile Include="sys\XComponent.cpp">
      <Filter>Source Files</Filter>
    </ClCompile>
    <ClCompile Include="game\GameState.cpp">
      <Filter>Source Files</Filter>
    </ClCompile>
    <ClCompile Include="game\UI\UIMenu.cpp">
      <Filter>Source Files</Filter>
    </ClCompile>
    <ClCompile Include="game\LuaComponent.cpp">
      <Filter>Source Files</Filter>
    </ClCompile>
    <ClCompile Include="game\tinyxml\tinystr.cpp">
      <Filter>Source Files</Filter>
    </ClCompile>
    <ClCompile Include="game\tinyxml\tinyxml.cpp">
      <Filter>Source Files</Filter>
    </ClCompile>
    <ClCompile Include="game\tinyxml\tinyxmlerror.cpp">
      <Filter>Source Files</Filter>
    </ClCompile>
    <ClCompile Include="game\tinyxml\tinyxmlparser.cpp">
      <Filter>Source Files</Filter>
    </ClCompile>
    <ClCompile Include="game\GameLoader.cpp">
      <Filter>Source Files</Filter>
    </ClCompile>
    <ClCompile Include="game\UI\UITree.cpp">
      <Filter>Source Files</Filter>
    </ClCompile>
    <ClCompile Include="game\UI\UICompContext.cpp">
      <Filter>Source Files</Filter>
    </ClCompile>
    <ClCompile Include="game\LuaAPI.cpp">
      <Filter>Source Files</Filter>
    </ClCompile>
    <ClCompile Include="game\UI\UIEdit.cpp">
      <Filter>Source Files</Filter>
    </ClCompile>
    <ClCompile Include="game\UI\UIEdit_Check.cpp">
      <Filter>Source Files</Filter>
    </ClCompile>
    <ClCompile Include="game\Fonts.cpp">
      <Filter>Source Files</Filter>
    </ClCompile>
    <ClCompile Include="game\UI\UIEdit_Radio.cpp">
      <Filter>Source Files</Filter>
    </ClCompile>
    <ClCompile Include="game\UI\UIEdit_String.cpp">
      <Filter>Source Files</Filter>
    </ClCompile>
    <ClCompile Include="game\UI\UIEdit_Number.cpp">
      <Filter>Source Files</Filter>
    </ClCompile>
    <ClCompile Include="game\UI\UIEdit_Separator.cpp">
      <Filter>Source Files</Filter>
    </ClCompile>
    <ClCompile Include="game\UI\UIConsole.cpp">
      <Filter>Source Files</Filter>
    </ClCompile>
    <ClCompile Include="game\UI\UIWindow.cpp">
      <Filter>Source Files</Filter>
    </ClCompile>
    <ClCompile Include="game\UI\UIEdit_Label.cpp">
      <Filter>Source Files</Filter>
    </ClCompile>
    <ClCompile Include="game\UI\UIEdit_Key.cpp">
      <Filter>Source Files</Filter>
    </ClCompile>
    <ClCompile Include="game\lua\lapi.c">
      <Filter>Source Files</Filter>
    </ClCompile>
    <ClCompile Include="game\lua\lauxlib.c">
      <Filter>Source Files</Filter>
    </ClCompile>
    <ClCompile Include="game\lua\lbaselib.c">
      <Filter>Source Files</Filter>
    </ClCompile>
    <ClCompile Include="game\lua\lcode.c">
      <Filter>Source Files</Filter>
    </ClCompile>
    <ClCompile Include="game\lua\ldblib.c">
      <Filter>Source Files</Filter>
    </ClCompile>
    <ClCompile Include="game\lua\ldebug.c">
      <Filter>Source Files</Filter>
    </ClCompile>
    <ClCompile Include="game\lua\ldo.c">
      <Filter>Source Files</Filter>
    </ClCompile>
    <ClCompile Include="game\lua\ldump.c">
      <Filter>Source Files</Filter>
    </ClCompile>
    <ClCompile Include="game\lua\lfunc.c">
      <Filter>Source Files</Filter>
    </ClCompile>
    <ClCompile Include="game\lua\lgc.c">
      <Filter>Source Files</Filter>
    </ClCompile>
    <ClCompile Include="game\lua\linit.c">
      <Filter>Source Files</Filter>
    </ClCompile>
    <ClCompile Include="game\lua\liolib.c">
      <Filter>Source Files</Filter>
    </ClCompile>
    <ClCompile Include="game\lua\llex.c">
      <Filter>Source Files</Filter>
    </ClCompile>
    <ClCompile Include="game\lua\lmathlib.c">
      <Filter>Source Files</Filter>
    </ClCompile>
    <ClCompile Include="game\lua\lmem.c">
      <Filter>Source Files</Filter>
    </ClCompile>
    <ClCompile Include="game\lua\loadlib.c">
      <Filter>Source Files</Filter>
    </ClCompile>
    <ClCompile Include="game\lua\lobject.c">
      <Filter>Source Files</Filter>
    </ClCompile>
    <ClCompile Include="game\lua\lopcodes.c">
      <Filter>Source Files</Filter>
    </ClCompile>
    <ClCompile Include="game\lua\loslib.c">
      <Filter>Source Files</Filter>
    </ClCompile>
    <ClCompile Include="game\lua\lparser.c">
      <Filter>Source Files</Filter>
    </ClCompile>
    <ClCompile Include="game\lua\lstate.c">
      <Filter>Source Files</Filter>
    </ClCompile>
    <ClCompile Include="game\lua\lstring.c">
      <Filter>Source Files</Filter>
    </ClCompile>
    <ClCompile Include="game\lua\lstrlib.c">
      <Filter>Source Files</Filter>
    </ClCompile>
    <ClCompile Include="game\lua\ltable.c">
      <Filter>Source Files</Filter>
    </ClCompile>
    <ClCompile Include="game\lua\ltablib.c">
      <Filter>Source Files</Filter>
    </ClCompile>
    <ClCompile Include="game\lua\ltm.c">
      <Filter>Source Files</Filter>
    </ClCompile>
    <ClCompile Include="game\lua\lundump.c">
      <Filter>Source Files</Filter>
    </ClCompile>
    <ClCompile Include="game\lua\lvm.c">
      <Filter>Source Files</Filter>
    </ClCompile>
    <ClCompile Include="game\lua\lzio.c">
      <Filter>Source Files</Filter>
    </ClCompile>
    <ClCompile Include="game\lua\print.c">
      <Filter>Source Files</Filter>
    </ClCompile>
    <ClCompile Include="game\UI\UIEdit_StringML.cpp">
      <Filter>Source Files</Filter>
    </ClCompile>
    <ClCompile Include="game\UI\UIEdit_Explorer.cpp">
      <Filter>Source Files</Filter>
    </ClCompile>
    <ClCompile Include="game\UI\UIEdit_Sprite.cpp">
      <Filter>Source Files</Filter>
    </ClCompile>
    <ClCompile Include="game\UI\UIScrollBar.cpp">
      <Filter>Source Files</Filter>
    </ClCompile>
    <ClCompile Include="game\UI\UIButton.cpp">
      <Filter>Source Files</Filter>
    </ClCompile>
  </ItemGroup>
  <ItemGroup>
    <ClInclude Include="sys\events\EventMsg.h">
      <Filter>Header Files</Filter>
    </ClInclude>
    <ClInclude Include="sys\events\events.h">
      <Filter>Header Files</Filter>
    </ClInclude>
    <ClInclude Include="sys\externs\decmpa\include\decmpa.h">
      <Filter>Header Files</Filter>
    </ClInclude>
    <ClInclude Include="sys\externs\glew17\includes\glew.h">
      <Filter>Header Files</Filter>
    </ClInclude>
    <ClInclude Include="sys\externs\glew17\includes\glxew.h">
      <Filter>Header Files</Filter>
    </ClInclude>
    <ClInclude Include="sys\externs\glew17\includes\wglew.h">
      <Filter>Header Files</Filter>
    </ClInclude>
    <ClInclude Include="sys\externs\sndfile\include\sndfile.h">
      <Filter>Header Files</Filter>
    </ClInclude>
    <ClInclude Include="sys\externs\dirent.h">
      <Filter>Header Files</Filter>
    </ClInclude>
    <ClInclude Include="sys\externs\FastDelegate.h">
      <Filter>Header Files</Filter>
    </ClInclude>
    <ClInclude Include="sys\gfx\window\WindowWin32.h">
      <Filter>Header Files</Filter>
    </ClInclude>
    <ClInclude Include="sys\gfx\Events.h">
      <Filter>Header Files</Filter>
    </ClInclude>
    <ClInclude Include="sys\gfx\gfx.h">
      <Filter>Header Files</Filter>
    </ClInclude>
    <ClInclude Include="sys\gfx\Input.h">
      <Filter>Header Files</Filter>
    </ClInclude>
    <ClInclude Include="sys\gfx\opengl.h">
      <Filter>Header Files</Filter>
    </ClInclude>
    <ClInclude Include="sys\gfx\VideoSettings.h">
      <Filter>Header Files</Filter>
    </ClInclude>
    <ClInclude Include="sys\gfx\Window.h">
      <Filter>Header Files</Filter>
    </ClInclude>
    <ClInclude Include="sys\io\io.h">
      <Filter>Header Files</Filter>
    </ClInclude>
    <ClInclude Include="sys\io\Path.h">
      <Filter>Header Files</Filter>
    </ClInclude>
    <ClInclude Include="sys\physics\Fixture.h">
      <Filter>Header Files</Filter>
    </ClInclude>
    <ClInclude Include="sys\physics\physics.h">
      <Filter>Header Files</Filter>
    </ClInclude>
    <ClInclude Include="sys\Color.h">
      <Filter>Header Files</Filter>
    </ClInclude>
    <ClInclude Include="sys\Component.h">
      <Filter>Header Files</Filter>
    </ClInclude>
    <ClInclude Include="sys\Dbg.h">
      <Filter>Header Files</Filter>
    </ClInclude>
    <ClInclude Include="sys\DispatchTimer.h">
      <Filter>Header Files</Filter>
    </ClInclude>
    <ClInclude Include="sys\Engine.h">
      <Filter>Header Files</Filter>
    </ClInclude>
    <ClInclude Include="sys\Gradient.h">
      <Filter>Header Files</Filter>
    </ClInclude>
    <ClInclude Include="sys\HiresTimer.h">
      <Filter>Header Files</Filter>
    </ClInclude>
    <ClInclude Include="sys\List.h">
      <Filter>Header Files</Filter>
    </ClInclude>
    <ClInclude Include="sys\Logic.h">
      <Filter>Header Files</Filter>
    </ClInclude>
    <ClInclude Include="sys\Math.h">
      <Filter>Header Files</Filter>
    </ClInclude>
    <ClInclude Include="sys\Platform.h">
      <Filter>Header Files</Filter>
    </ClInclude>
    <ClInclude Include="sys\Point.h">
      <Filter>Header Files</Filter>
    </ClInclude>
    <ClInclude Include="sys\Random.h">
      <Filter>Header Files</Filter>
    </ClInclude>
    <ClInclude Include="sys\RawArray.h">
      <Filter>Header Files</Filter>
    </ClInclude>
    <ClInclude Include="sys\Ray.h">
      <Filter>Header Files</Filter>
    </ClInclude>
    <ClInclude Include="sys\Rect.h">
      <Filter>Header Files</Filter>
    </ClInclude>
    <ClInclude Include="sys\Ref.h">
      <Filter>Header Files</Filter>
    </ClInclude>
    <ClInclude Include="sys\Singleton.h">
      <Filter>Header Files</Filter>
    </ClInclude>
    <ClInclude Include="sys\State.h">
      <Filter>Header Files</Filter>
    </ClInclude>
    <ClInclude Include="sys\Stopwatch.h">
      <Filter>Header Files</Filter>
    </ClInclude>
    <ClInclude Include="sys\StringHelper.h">
      <Filter>Header Files</Filter>
    </ClInclude>
    <ClInclude Include="sys\sys.h">
      <Filter>Header Files</Filter>
    </ClInclude>
    <ClInclude Include="sys\Vector.h">
      <Filter>Header Files</Filter>
    </ClInclude>
    <ClInclude Include="sys\XComponent.h">
      <Filter>Header Files</Filter>
    </ClInclude>
    <ClInclude Include="game\GameState.h">
      <Filter>Header Files</Filter>
    </ClInclude>
    <ClInclude Include="game\Renderer.h">
      <Filter>Header Files</Filter>
    </ClInclude>
    <ClInclude Include="game\UI\UIMenu.h">
      <Filter>Header Files</Filter>
    </ClInclude>
    <ClInclude Include="game\LuaComponent.h">
      <Filter>Header Files</Filter>
    </ClInclude>
    <ClInclude Include="game\luna.h">
      <Filter>Header Files</Filter>
    </ClInclude>
    <ClInclude Include="game\LuaAPI.h">
      <Filter>Header Files</Filter>
    </ClInclude>
    <ClInclude Include="game\Port.h">
      <Filter>Header Files</Filter>
    </ClInclude>
    <ClInclude Include="game\UI\UI_DATA.h">
      <Filter>Header Files</Filter>
    </ClInclude>
    <ClInclude Include="game\tinyxml\tinystr.h">
      <Filter>Header Files</Filter>
    </ClInclude>
    <ClInclude Include="game\tinyxml\tinyxml.h">
      <Filter>Header Files</Filter>
    </ClInclude>
    <ClInclude Include="game\GameLoader.h">
      <Filter>Header Files</Filter>
    </ClInclude>
    <ClInclude Include="game\UI\UITree.h">
      <Filter>Header Files</Filter>
    </ClInclude>
    <ClInclude Include="game\UI\UICompContext.h">
      <Filter>Header Files</Filter>
    </ClInclude>
    <ClInclude Include="sys\String.h">
      <Filter>Header Files</Filter>
    </ClInclude>
    <ClInclude Include="game\UI\UIEdit.h">
      <Filter>Header Files</Filter>
    </ClInclude>
    <ClInclude Include="game\UI\UIEdit_Check.h">
      <Filter>Header Files</Filter>
    </ClInclude>
    <ClInclude Include="game\Fonts.h">
      <Filter>Header Files</Filter>
    </ClInclude>
    <ClInclude Include="game\UI\UIEdit_Radio.h">
      <Filter>Header Files</Filter>
    </ClInclude>
    <ClInclude Include="game\UI\UIEdit_String.h">
      <Filter>Header Files</Filter>
    </ClInclude>
    <ClInclude Include="sys\Memory.h">
      <Filter>Header Files</Filter>
    </ClInclude>
    <ClInclude Include="game\UI\UIEdit_Number.h">
      <Filter>Header Files</Filter>
    </ClInclude>
    <ClInclude Include="game\UI\UIEdit_Separator.h">
      <Filter>Header Files</Filter>
    </ClInclude>
    <ClInclude Include="game\UI\UIWindow.h">
      <Filter>Header Files</Filter>
    </ClInclude>
    <ClInclude Include="game\UI\UIConsole.h">
      <Filter>Header Files</Filter>
    </ClInclude>
    <ClInclude Include="userdefs.h">
      <Filter>Header Files</Filter>
    </ClInclude>
    <ClInclude Include="game\GameData.h">
      <Filter>Header Files</Filter>
    </ClInclude>
    <ClInclude Include="game\UI\UIEdit_Label.h">
      <Filter>Header Files</Filter>
    </ClInclude>
    <ClInclude Include="game\UI\UIEdit_Key.h">
      <Filter>Header Files</Filter>
    </ClInclude>
    <ClInclude Include="game\lua\lapi.h">
      <Filter>Header Files</Filter>
    </ClInclude>
    <ClInclude Include="game\lua\lauxlib.h">
      <Filter>Header Files</Filter>
    </ClInclude>
    <ClInclude Include="game\lua\lcode.h">
      <Filter>Header Files</Filter>
    </ClInclude>
    <ClInclude Include="game\lua\ldebug.h">
      <Filter>Header Files</Filter>
    </ClInclude>
    <ClInclude Include="game\lua\ldo.h">
      <Filter>Header Files</Filter>
    </ClInclude>
    <ClInclude Include="game\lua\lfunc.h">
      <Filter>Header Files</Filter>
    </ClInclude>
    <ClInclude Include="game\lua\lgc.h">
      <Filter>Header Files</Filter>
    </ClInclude>
    <ClInclude Include="game\lua\llex.h">
      <Filter>Header Files</Filter>
    </ClInclude>
    <ClInclude Include="game\lua\llimits.h">
      <Filter>Header Files</Filter>
    </ClInclude>
    <ClInclude Include="game\lua\lmem.h">
      <Filter>Header Files</Filter>
    </ClInclude>
    <ClInclude Include="game\lua\lobject.h">
      <Filter>Header Files</Filter>
    </ClInclude>
    <ClInclude Include="game\lua\lopcodes.h">
      <Filter>Header Files</Filter>
    </ClInclude>
    <ClInclude Include="game\lua\lparser.h">
      <Filter>Header Files</Filter>
    </ClInclude>
    <ClInclude Include="game\lua\lstate.h">
      <Filter>Header Files</Filter>
    </ClInclude>
    <ClInclude Include="game\lua\lstring.h">
      <Filter>Header Files</Filter>
    </ClInclude>
    <ClInclude Include="game\lua\ltable.h">
      <Filter>Header Files</Filter>
    </ClInclude>
    <ClInclude Include="game\lua\ltm.h">
      <Filter>Header Files</Filter>
    </ClInclude>
    <ClInclude Include="game\lua\lua.h">
      <Filter>Header Files</Filter>
    </ClInclude>
    <ClInclude Include="game\lua\luaconf.h">
      <Filter>Header Files</Filter>
    </ClInclude>
    <ClInclude Include="game\lua\lualib.h">
      <Filter>Header Files</Filter>
    </ClInclude>
    <ClInclude Include="game\lua\lundump.h">
      <Filter>Header Files</Filter>
    </ClInclude>
    <ClInclude Include="game\lua\lvm.h">
      <Filter>Header Files</Filter>
    </ClInclude>
    <ClInclude Include="game\lua\lzio.h">
      <Filter>Header Files</Filter>
    </ClInclude>
    <ClInclude Include="game\UI\UIEdit_StringML.h">
      <Filter>Header Files</Filter>
    </ClInclude>
    <ClInclude Include="game\lua\lua.hpp">
      <Filter>Header Files</Filter>
    </ClInclude>
    <ClInclude Include="game\UI\UIEdit_Explorer.h">
      <Filter>Header Files</Filter>
    </ClInclude>
    <ClInclude Include="game\UI\UIEdit_Sprite.h">
      <Filter>Header Files</Filter>
    </ClInclude>
    <ClInclude Include="sys\Stack.h">
      <Filter>Header Files</Filter>
    </ClInclude>
    <ClInclude Include="game\UI\UIScrollBar.h">
      <Filter>Header Files</Filter>
    </ClInclude>
    <ClInclude Include="game\UI\UIButton.h">
      <Filter>Header Files</Filter>
    </ClInclude>
  </ItemGroup>
</Project>